
Microsoft Visual Studio Solution File, Format Version 12.00
# Visual Studio Version 17
VisualStudioVersion = 17.14.36511.14 d17.14
MinimumVisualStudioVersion = 10.0.40219.1
Project("{FAE04EC0-301F-11D3-BF4B-00C04F79EFBC}") = "RazorPagesMovie", "RazorPagesMovie\RazorPagesMovie.csproj", "{C8ADF545-19F5-4943-8D61-B7C1BD3E7C39}"
EndProject
Global
	GlobalSection(SolutionConfigurationPlatforms) = preSolution
		Debug|Any CPU = Debug|Any CPU
		Release|Any CPU = Release|Any CPU
	EndGlobalSection
	GlobalSection(ProjectConfigurationPlatforms) = postSolution
		{C8ADF545-19F5-4943-8D61-B7C1BD3E7C39}.Debug|Any CPU.ActiveCfg = Debug|Any CPU
		{C8ADF545-19F5-4943-8D61-B7C1BD3E7C39}.Debug|Any CPU.Build.0 = Debug|Any CPU
		{C8ADF545-19F5-4943-8D61-B7C1BD3E7C39}.Release|Any CPU.ActiveCfg = Release|Any CPU
		{C8ADF545-19F5-4943-8D61-B7C1BD3E7C39}.Release|Any CPU.Build.0 = Release|Any CPU
	EndGlobalSection
	GlobalSection(SolutionProperties) = preSolution
		HideSolutionNode = FALSE
	EndGlobalSection
	GlobalSection(ExtensibilityGlobals) = postSolution
		SolutionGuid = {BDB70872-B7BC-461A-9E4F-FD58FF704E1F}
	EndGlobalSection
EndGlobal
